
Microsoft Visual Studio Solution File, Format Version 12.00
# Visual Studio Version 17
VisualStudioVersion = 17.1.32210.238
MinimumVisualStudioVersion = 10.0.40219.1
Project("{FAE04EC0-301F-11D3-BF4B-00C04F79EFBC}") = "Employee", "Employee.csproj", "{9EDB07B3-7621-4C2E-A628-F818E75B1307}"
EndProject
Global
	GlobalSection(SolutionConfigurationPlatforms) = preSolution
		Debug|Any CPU = Debug|Any CPU
		Release|Any CPU = Release|Any CPU
	EndGlobalSection
	GlobalSection(ProjectConfigurationPlatforms) = postSolution
		{9EDB07B3-7621-4C2E-A628-F818E75B1307}.Debug|Any CPU.ActiveCfg = Debug|Any CPU
		{9EDB07B3-7621-4C2E-A628-F818E75B1307}.Debug|Any CPU.Build.0 = Debug|Any CPU
		{9EDB07B3-7621-4C2E-A628-F818E75B1307}.Release|Any CPU.ActiveCfg = Release|Any CPU
		{9EDB07B3-7621-4C2E-A628-F818E75B1307}.Release|Any CPU.Build.0 = Release|Any CPU
	EndGlobalSection
	GlobalSection(SolutionProperties) = preSolution
		HideSolutionNode = FALSE
	EndGlobalSection
	GlobalSection(ExtensibilityGlobals) = postSolution
		SolutionGuid = {4F1A4D48-C237-46D9-B55D-06102AC69F87}
	EndGlobalSection
EndGlobal
